
Microsoft Visual Studio Solution File, Format Version 12.00
# Visual Studio Version 16
VisualStudioVersion = 16.0.30709.132
MinimumVisualStudioVersion = 10.0.40219.1
Project("{2150E333-8FDC-42A3-9474-1A3956D46DE8}") = "Microservices", "Microservices", "{76FD004D-FEC5-4C04-B61B-3E6F01BA0F93}"
EndProject
Project("{2150E333-8FDC-42A3-9474-1A3956D46DE8}") = "Domain", "Domain", "{19186E33-D9C7-467A-A22F-D0831073FA81}"
EndProject
Project("{2150E333-8FDC-42A3-9474-1A3956D46DE8}") = "Infra.Bus", "Infra.Bus", "{662F1CB0-4F2F-4D85-BC80-ABC2AB658ECD}"
EndProject
Project("{2150E333-8FDC-42A3-9474-1A3956D46DE8}") = "Infra.IoC", "Infra.IoC", "{D634AB60-378A-4DE1-8FAF-841570D02D4C}"
EndProject
Project("{2150E333-8FDC-42A3-9474-1A3956D46DE8}") = "Presentation", "Presentation", "{C91C84FC-4093-440B-93EE-56E23583E8EA}"
EndProject
Project("{9A19103F-16F7-4668-BE54-9A1E7A4F7556}") = "RabbitMQ.Domain", "RabbitMQ.Domain\RabbitMQ.Domain.csproj", "{1D360E6B-C8F7-4196-A270-C90874A8A7BC}"
EndProject
Project("{9A19103F-16F7-4668-BE54-9A1E7A4F7556}") = "RabbitMQ.Infra.Bus", "RabbitMQ.Infra.Bus\RabbitMQ.Infra.Bus.csproj", "{CEF726B6-A245-442B-85A1-5485869B8D19}"
EndProject
Project("{FAE04EC0-301F-11D3-BF4B-00C04F79EFBC}") = "RabbitMQ.Infra.IoC", "RabbitMQ.Infra.IoC\RabbitMQ.Infra.IoC.csproj", "{2AEB09DA-E70D-4FAD-88E7-34C0BCE88B7B}"
EndProject
Project("{2150E333-8FDC-42A3-9474-1A3956D46DE8}") = "Banking", "Banking", "{9A88382D-FFC3-4601-8E0E-18109A1F94BF}"
EndProject
Project("{2150E333-8FDC-42A3-9474-1A3956D46DE8}") = "Api", "Api", "{8B5A68E9-643B-4792-B05D-3F3B76FC796F}"
EndProject
Project("{2150E333-8FDC-42A3-9474-1A3956D46DE8}") = "Application", "Application", "{760262A4-1605-4B07-8F01-ED3B89EDAE0F}"
EndProject
Project("{2150E333-8FDC-42A3-9474-1A3956D46DE8}") = "Data", "Data", "{C37F25A6-68BB-4081-ACAF-641E88FBDE39}"
EndProject
Project("{2150E333-8FDC-42A3-9474-1A3956D46DE8}") = "Domain", "Domain", "{226E0F0F-B3B7-4E59-BD86-476CACBB53C1}"
EndProject
Project("{FAE04EC0-301F-11D3-BF4B-00C04F79EFBC}") = "RabbitMQ.Banking.Api", "RabbitMQ.Banking.Api\RabbitMQ.Banking.Api.csproj", "{C840F79B-C5F8-4C0E-B442-74E7E699128C}"
EndProject
Project("{FAE04EC0-301F-11D3-BF4B-00C04F79EFBC}") = "RabbitMQ.Baking.Application", "RabbitMQ.Baking.Application\RabbitMQ.Baking.Application.csproj", "{BF283FAC-E284-46B2-813F-14202996197C}"
EndProject
Project("{FAE04EC0-301F-11D3-BF4B-00C04F79EFBC}") = "RabbitMQ.Banking.Data", "RabbitMQ.Banking.Data\RabbitMQ.Banking.Data.csproj", "{E082A2BF-31FC-40D5-BE92-8486C38F5372}"
EndProject
Project("{FAE04EC0-301F-11D3-BF4B-00C04F79EFBC}") = "RabbitMQ.Banking.Domain", "RabbitMQ.Banking.Domain\RabbitMQ.Banking.Domain.csproj", "{DB29AC7B-355B-4BAB-A562-DFD626CEF4C0}"
EndProject
Global
	GlobalSection(SolutionConfigurationPlatforms) = preSolution
		Debug|Any CPU = Debug|Any CPU
		Release|Any CPU = Release|Any CPU
	EndGlobalSection
	GlobalSection(ProjectConfigurationPlatforms) = postSolution
		{1D360E6B-C8F7-4196-A270-C90874A8A7BC}.Debug|Any CPU.ActiveCfg = Debug|Any CPU
		{1D360E6B-C8F7-4196-A270-C90874A8A7BC}.Debug|Any CPU.Build.0 = Debug|Any CPU
		{1D360E6B-C8F7-4196-A270-C90874A8A7BC}.Release|Any CPU.ActiveCfg = Release|Any CPU
		{1D360E6B-C8F7-4196-A270-C90874A8A7BC}.Release|Any CPU.Build.0 = Release|Any CPU
		{CEF726B6-A245-442B-85A1-5485869B8D19}.Debug|Any CPU.ActiveCfg = Debug|Any CPU
		{CEF726B6-A245-442B-85A1-5485869B8D19}.Debug|Any CPU.Build.0 = Debug|Any CPU
		{CEF726B6-A245-442B-85A1-5485869B8D19}.Release|Any CPU.ActiveCfg = Release|Any CPU
		{CEF726B6-A245-442B-85A1-5485869B8D19}.Release|Any CPU.Build.0 = Release|Any CPU
		{2AEB09DA-E70D-4FAD-88E7-34C0BCE88B7B}.Debug|Any CPU.ActiveCfg = Debug|Any CPU
		{2AEB09DA-E70D-4FAD-88E7-34C0BCE88B7B}.Debug|Any CPU.Build.0 = Debug|Any CPU
		{2AEB09DA-E70D-4FAD-88E7-34C0BCE88B7B}.Release|Any CPU.ActiveCfg = Release|Any CPU
		{2AEB09DA-E70D-4FAD-88E7-34C0BCE88B7B}.Release|Any CPU.Build.0 = Release|Any CPU
		{C840F79B-C5F8-4C0E-B442-74E7E699128C}.Debug|Any CPU.ActiveCfg = Debug|Any CPU
		{C840F79B-C5F8-4C0E-B442-74E7E699128C}.Debug|Any CPU.Build.0 = Debug|Any CPU
		{C840F79B-C5F8-4C0E-B442-74E7E699128C}.Release|Any CPU.ActiveCfg = Release|Any CPU
		{C840F79B-C5F8-4C0E-B442-74E7E699128C}.Release|Any CPU.Build.0 = Release|Any CPU
		{BF283FAC-E284-46B2-813F-14202996197C}.Debug|Any CPU.ActiveCfg = Debug|Any CPU
		{BF283FAC-E284-46B2-813F-14202996197C}.Debug|Any CPU.Build.0 = Debug|Any CPU
		{BF283FAC-E284-46B2-813F-14202996197C}.Release|Any CPU.ActiveCfg = Release|Any CPU
		{BF283FAC-E284-46B2-813F-14202996197C}.Release|Any CPU.Build.0 = Release|Any CPU
		{E082A2BF-31FC-40D5-BE92-8486C38F5372}.Debug|Any CPU.ActiveCfg = Debug|Any CPU
		{E082A2BF-31FC-40D5-BE92-8486C38F5372}.Debug|Any CPU.Build.0 = Debug|Any CPU
		{E082A2BF-31FC-40D5-BE92-8486C38F5372}.Release|Any CPU.ActiveCfg = Release|Any CPU
		{E082A2BF-31FC-40D5-BE92-8486C38F5372}.Release|Any CPU.Build.0 = Release|Any CPU
		{DB29AC7B-355B-4BAB-A562-DFD626CEF4C0}.Debug|Any CPU.ActiveCfg = Debug|Any CPU
		{DB29AC7B-355B-4BAB-A562-DFD626CEF4C0}.Debug|Any CPU.Build.0 = Debug|Any CPU
		{DB29AC7B-355B-4BAB-A562-DFD626CEF4C0}.Release|Any CPU.ActiveCfg = Release|Any CPU
		{DB29AC7B-355B-4BAB-A562-DFD626CEF4C0}.Release|Any CPU.Build.0 = Release|Any CPU
	EndGlobalSection
	GlobalSection(SolutionProperties) = preSolution
		HideSolutionNode = FALSE
	EndGlobalSection
	GlobalSection(NestedProjects) = preSolution
		{1D360E6B-C8F7-4196-A270-C90874A8A7BC} = {19186E33-D9C7-467A-A22F-D0831073FA81}
		{CEF726B6-A245-442B-85A1-5485869B8D19} = {662F1CB0-4F2F-4D85-BC80-ABC2AB658ECD}
		{2AEB09DA-E70D-4FAD-88E7-34C0BCE88B7B} = {D634AB60-378A-4DE1-8FAF-841570D02D4C}
		{9A88382D-FFC3-4601-8E0E-18109A1F94BF} = {76FD004D-FEC5-4C04-B61B-3E6F01BA0F93}
		{8B5A68E9-643B-4792-B05D-3F3B76FC796F} = {9A88382D-FFC3-4601-8E0E-18109A1F94BF}
		{760262A4-1605-4B07-8F01-ED3B89EDAE0F} = {9A88382D-FFC3-4601-8E0E-18109A1F94BF}
		{C37F25A6-68BB-4081-ACAF-641E88FBDE39} = {9A88382D-FFC3-4601-8E0E-18109A1F94BF}
		{226E0F0F-B3B7-4E59-BD86-476CACBB53C1} = {9A88382D-FFC3-4601-8E0E-18109A1F94BF}
		{C840F79B-C5F8-4C0E-B442-74E7E699128C} = {8B5A68E9-643B-4792-B05D-3F3B76FC796F}
		{BF283FAC-E284-46B2-813F-14202996197C} = {760262A4-1605-4B07-8F01-ED3B89EDAE0F}
		{E082A2BF-31FC-40D5-BE92-8486C38F5372} = {C37F25A6-68BB-4081-ACAF-641E88FBDE39}
		{DB29AC7B-355B-4BAB-A562-DFD626CEF4C0} = {226E0F0F-B3B7-4E59-BD86-476CACBB53C1}
	EndGlobalSection
	GlobalSection(ExtensibilityGlobals) = postSolution
		SolutionGuid = {B864A713-91FE-4B52-AE92-F3456DE05885}
	EndGlobalSection
EndGlobal
